{
  "name": "safe-app",
  "version": "1.0.0",
  "lockfileVersion": 3,
  "requires": true,
  "packages": {
    "": {
      "name": "safe-app",
      "version": "1.0.0",
      "license": "Apache-2.0",
      "dependencies": {
        "alpha-lib": "1.0.0"
      }
    },
    "node_modules/alpha-lib": {
      "name": "alpha-lib",
      "version": "1.0.0",
      "license": "MIT",
      "dependencies": {
        "transitive-lib": "2.1.0"
      }
    },
    "node_modules/transitive-lib": {
      "name": "transitive-lib",
      "version": "2.1.0",
      "license": "Apache-2.0"
    }
  }
}
