{
  "name": "rejected-app",
  "version": "1.0.0",
  "lockfileVersion": 3,
  "requires": true,
  "packages": {
    "": {
      "name": "rejected-app",
      "version": "1.0.0",
      "license": "MIT",
      "dependencies": {
        "fixture-critical-lib": "1.0.0"
      }
    },
    "node_modules/fixture-critical-lib": {
      "name": "fixture-critical-lib",
      "version": "1.0.0",
      "license": "AGPL-3.0-only"
    }
  }
}
